%{
  "cachex": {:hex, :cachex, "3.0.3", "4e2d3e05814a5738f5ff3903151d5c25636d72a3527251b753f501ad9c657967", [:mix], [{:eternal, "~> 1.2", [hex: :eternal, repo: "hexpm", optional: false]}, {:unsafe, "~> 1.0", [hex: :unsafe, repo: "hexpm", optional: false]}], "hexpm"},
  "certifi": {:hex, :certifi, "2.4.2", "75424ff0f3baaccfd34b1214184b6ef616d89e420b258bb0a5ea7d7bc628f7f0", [:rebar3], [{:parse_trans, "~>3.3", [hex: :parse_trans, repo: "hexpm", optional: false]}], "hexpm"},
  "comeonin": {:hex, :comeonin, "4.1.1", "c7304fc29b45b897b34142a91122bc72757bc0c295e9e824999d5179ffc08416", [:mix], [{:argon2_elixir, "~> 1.2", [hex: :argon2_elixir, repo: "hexpm", optional: true]}, {:bcrypt_elixir, "~> 0.12.1 or ~> 1.0", [hex: :bcrypt_elixir, repo: "hexpm", optional: true]}, {:pbkdf2_elixir, "~> 0.12", [hex: :pbkdf2_elixir, repo: "hexpm", optional: true]}], "hexpm"},
  "connection": {:hex, :connection, "1.0.4", "a1cae72211f0eef17705aaededacac3eb30e6625b04a6117c1b2db6ace7d5976", [], [], "hexpm"},
  "db_connection": {:hex, :db_connection, "1.1.3", "89b30ca1ef0a3b469b1c779579590688561d586694a3ce8792985d4d7e575a61", [:mix], [{:connection, "~> 1.0.2", [hex: :connection, repo: "hexpm", optional: false]}, {:poolboy, "~> 1.5", [hex: :poolboy, repo: "hexpm", optional: true]}, {:sbroker, "~> 1.0", [hex: :sbroker, repo: "hexpm", optional: true]}], "hexpm"},
  "decimal": {:hex, :decimal, "1.5.0", "b0433a36d0e2430e3d50291b1c65f53c37d56f83665b43d79963684865beab68", [:mix], [], "hexpm"},
  "deppie": {:hex, :deppie, "1.0.0", "ec1207cdadf7c81aea171cb8acc68fc0eb1a8f6015ad785e6b5001dbb2a7d7ea", [:mix], []},
  "ecto": {:hex, :ecto, "2.2.10", "e7366dc82f48f8dd78fcbf3ab50985ceeb11cb3dc93435147c6e13f2cda0992e", [:mix], [{:db_connection, "~> 1.1", [hex: :db_connection, repo: "hexpm", optional: true]}, {:decimal, "~> 1.2", [hex: :decimal, repo: "hexpm", optional: false]}, {:mariaex, "~> 0.8.0", [hex: :mariaex, repo: "hexpm", optional: true]}, {:poison, "~> 2.2 or ~> 3.0", [hex: :poison, repo: "hexpm", optional: true]}, {:poolboy, "~> 1.5", [hex: :poolboy, repo: "hexpm", optional: false]}, {:postgrex, "~> 0.13.0", [hex: :postgrex, repo: "hexpm", optional: true]}, {:sbroker, "~> 1.0", [hex: :sbroker, repo: "hexpm", optional: true]}], "hexpm"},
  "eternal": {:hex, :eternal, "1.2.0", "e2a6b6ce3b8c248f7dc31451aefca57e3bdf0e48d73ae5043229380a67614c41", [:mix], [], "hexpm"},
  "geoip": {:hex, :geoip, "0.2.3", "fd39de3be4b3635b78b12891101dacf37b0c00a9a4a524113505557abb10649e", [:mix], [{:cachex, "~> 3.0", [hex: :cachex, repo: "hexpm", optional: false]}, {:httpoison, "~> 1.0", [hex: :httpoison, repo: "hexpm", optional: false]}, {:poison, "~> 2.0 or ~> 3.0", [hex: :poison, repo: "hexpm", optional: false]}], "hexpm"},
  "hackney": {:hex, :hackney, "1.14.0", "66e29e78feba52176c3a4213d42b29bdc4baff93a18cfe480f73b04677139dee", [:rebar3], [{:certifi, "2.4.2", [hex: :certifi, repo: "hexpm", optional: false]}, {:idna, "6.0.0", [hex: :idna, repo: "hexpm", optional: false]}, {:metrics, "1.0.1", [hex: :metrics, repo: "hexpm", optional: false]}, {:mimerl, "1.0.2", [hex: :mimerl, repo: "hexpm", optional: false]}, {:ssl_verify_fun, "1.1.4", [hex: :ssl_verify_fun, repo: "hexpm", optional: false]}], "hexpm"},
  "hamcrest": {:hex, :hamcrest, "0.1.2", "2f06fad05983ce98a7832c4a7a508aab935b68865fdf607d30a030c129ec1365", [:rebar, :make], []},
  "httpoison": {:hex, :httpoison, "1.3.1", "7ac607311f5f706b44e8b3fab736d0737f2f62a31910ccd9afe7227b43edb7f0", [:mix], [{:hackney, "~> 1.8", [hex: :hackney, repo: "hexpm", optional: false]}], "hexpm"},
  "idna": {:hex, :idna, "6.0.0", "689c46cbcdf3524c44d5f3dde8001f364cd7608a99556d8fbd8239a5798d4c10", [:rebar3], [{:unicode_util_compat, "0.4.1", [hex: :unicode_util_compat, repo: "hexpm", optional: false]}], "hexpm"},
  "linguist": {:hex, :linguist, "0.1.5", "98739fc47ac5d951322a57c787f46786c95b53d800105d43a0631633e7f9da9b", [:mix], []},
  "meck": {:hex, :meck, "0.8.4", "59ca1cd971372aa223138efcf9b29475bde299e1953046a0c727184790ab1520", [:rebar, :make], []},
  "metrics": {:hex, :metrics, "1.0.1", "25f094dea2cda98213cecc3aeff09e940299d950904393b2a29d191c346a8486", [], [], "hexpm"},
  "mimerl": {:hex, :mimerl, "1.0.2", "993f9b0e084083405ed8252b99460c4f0563e41729ab42d9074fd5e52439be88", [], [], "hexpm"},
  "neotoma": {:hex, :neotoma, "1.7.3", "d8bd5404b73273989946e4f4f6d529e5c2088f5fa1ca790b4dbe81f4be408e61", [:rebar], []},
  "neotomex": {:hex, :neotomex, "0.1.7", "64f76513653aa87ea7abdde0fd600e56955d838020a13d88f2bf334c88ac3e7a", [:mix], [], "hexpm"},
  "parse_trans": {:hex, :parse_trans, "3.3.0", "09765507a3c7590a784615cfd421d101aec25098d50b89d7aa1d66646bc571c1", [:rebar3], [], "hexpm"},
  "poison": {:hex, :poison, "3.1.0", "d9eb636610e096f86f25d9a46f35a9facac35609a7591b3be3326e99a0484665", [:mix], [], "hexpm"},
  "poolboy": {:hex, :poolboy, "1.5.1", "6b46163901cfd0a1b43d692657ed9d7e599853b3b21b95ae5ae0a777cf9b6ca8", [], [], "hexpm"},
  "pooler": {:hex, :pooler, "1.5.0", "0fd4be5d2976e6a2e9a1617623031758c26f200c1fca89e4a3c542747bec6371", [:rebar, :make], []},
  "postgrex": {:hex, :postgrex, "0.13.5", "3d931aba29363e1443da167a4b12f06dcd171103c424de15e5f3fc2ba3e6d9c5", [:mix], [{:connection, "~> 1.0", [hex: :connection, repo: "hexpm", optional: false]}, {:db_connection, "~> 1.1", [hex: :db_connection, repo: "hexpm", optional: false]}, {:decimal, "~> 1.0", [hex: :decimal, repo: "hexpm", optional: false]}], "hexpm"},
  "protobuffs": {:hex, :protobuffs, "0.8.4", "d38ca5f7380d8477c274680273372011890f8d0037c0d7e7db5c0207b89a4e0b", [:rebar, :make], [{:meck, "~> 0.8.4", [hex: :meck, optional: false]}]},
  "redix": {:hex, :redix, "0.4.0", "c8cfad755252e5441c4119437ba3a8989518af7aa90dbd6f4ff7207b72e4a967", [:mix], [{:connection, "~> 1.0.0", [hex: :connection, optional: false]}]},
  "riak": {:hex, :riak, "1.1.0", "25d4ab68fa2b0c76bafb8144646ed536e7bf2c10e6cc5cf55defb29f1808f8f4", [:mix], [{:linguist, "~> 0.1", [hex: :linguist, optional: false]}, {:pooler, "~> 1.5", [hex: :pooler, optional: false]}, {:riakc, "~> 2.4", [hex: :riakc, optional: false]}]},
  "riak_pb": {:hex, :riak_pb, "2.1.4", "0de76c3b44a950dc9ffe50f45f7b55128bacce12170705c5e364af95b96a33cf", [:rebar, :make], [{:hamcrest, "~> 0.1", [hex: :hamcrest, optional: false]}, {:protobuffs, "~> 0.8", [hex: :protobuffs, optional: false]}]},
  "riakc": {:hex, :riakc, "2.4.1", "5d2e191ac6597e1a4cfb5628bf78219d126c5ffa42dbb904af622136d8426a32", [:rebar, :make], [{:riak_pb, "~> 2.1", [hex: :riak_pb, optional: false]}]},
  "ssl_verify_fun": {:hex, :ssl_verify_fun, "1.1.4", "f0eafff810d2041e93f915ef59899c923f4568f4585904d010387ed74988e77b", [:make, :mix, :rebar3], [], "hexpm"},
  "unicode_util_compat": {:hex, :unicode_util_compat, "0.4.1", "d869e4c68901dd9531385bb0c8c40444ebf624e60b6962d95952775cac5e90cd", [:rebar3], [], "hexpm"},
  "unsafe": {:hex, :unsafe, "1.0.0", "7c21742cd05380c7875546b023481d3a26f52df8e5dfedcb9f958f322baae305", [:mix], [], "hexpm"},
  "uuid": {:hex, :uuid, "1.1.8", "e22fc04499de0de3ed1116b770c7737779f226ceefa0badb3592e64d5cfb4eb9", [:mix], [], "hexpm"},
}
